// !$*UTF8*$!
{
	archiveVersion = 1;
	classes = {
	};
	objectVersion = 46;
	objects = {

/* Begin PBXBuildFile section */
		1D3623260D0F684500981E51 /* Route_50_iPadAppDelegate.m in Sources */ = {isa = PBXBuildFile; fileRef = 1D3623250D0F684500981E51 /* Route_50_iPadAppDelegate.m */; };
		1D60589B0D05DD56006BFB54 /* main.m in Sources */ = {isa = PBXBuildFile; fileRef = 29B97316FDCFA39411CA2CEA /* main.m */; };
		1D60589F0D05DD5A006BFB54 /* Foundation.framework in Frameworks */ = {isa = PBXBuildFile; fileRef = 1D30AB110D05D00D00671497 /* Foundation.framework */; };
		1DF5F4E00D08C38300B7A737 /* UIKit.framework in Frameworks */ = {isa = PBXBuildFile; fileRef = 1DF5F4DF0D08C38300B7A737 /* UIKit.framework */; };
		288765FD0DF74451002DB57D /* CoreGraphics.framework in Frameworks */ = {isa = PBXBuildFile; fileRef = 288765FC0DF74451002DB57D /* CoreGraphics.framework */; };
		28AD733F0D9D9553002E5188 /* MainWindow.xib in Resources */ = {isa = PBXBuildFile; fileRef = 28AD733E0D9D9553002E5188 /* MainWindow.xib */; };
		2AA0E0A613B144DF004222E5 /* AudioToolbox.framework in Frameworks */ = {isa = PBXBuildFile; fileRef = 2AA0E0A513B144DF004222E5 /* AudioToolbox.framework */; };
		2AA0E0AD13B1458F004222E5 /* notify.mp3 in Resources */ = {isa = PBXBuildFile; fileRef = 2AA0E0AC13B1458F004222E5 /* notify.mp3 */; };
		2AE9983C13A40A0200D892E3 /* UserbarViewController.m in Sources */ = {isa = PBXBuildFile; fileRef = 2AE9983B13A40A0200D892E3 /* UserbarViewController.m */; };
		2AE9983F13A40A3D00D892E3 /* ChatViewController.m in Sources */ = {isa = PBXBuildFile; fileRef = 2AE9983E13A40A3D00D892E3 /* ChatViewController.m */; };
		2AE9984413A40B1E00D892E3 /* SplitController.m in Sources */ = {isa = PBXBuildFile; fileRef = 2AE9984313A40B1E00D892E3 /* SplitController.m */; };
		2AE9985A13A40D9C00D892E3 /* Settings.bundle in Resources */ = {isa = PBXBuildFile; fileRef = 2AE9985913A40D9C00D892E3 /* Settings.bundle */; };
		2AE9986513A40DF100D892E3 /* icon.png in Resources */ = {isa = PBXBuildFile; fileRef = 2AE9986413A40DF100D892E3 /* icon.png */; };
		2AE9988913A40EE800D892E3 /* NSObject+JSON.m in Sources */ = {isa = PBXBuildFile; fileRef = 2AE9986F13A40EE800D892E3 /* NSObject+JSON.m */; };
		2AE9988A13A40EE800D892E3 /* SBJsonParser.m in Sources */ = {isa = PBXBuildFile; fileRef = 2AE9987213A40EE800D892E3 /* SBJsonParser.m */; };
		2AE9988B13A40EE800D892E3 /* SBJsonStreamParser.m in Sources */ = {isa = PBXBuildFile; fileRef = 2AE9987413A40EE800D892E3 /* SBJsonStreamParser.m */; };
		2AE9988C13A40EE800D892E3 /* SBJsonStreamParserAccumulator.m in Sources */ = {isa = PBXBuildFile; fileRef = 2AE9987613A40EE800D892E3 /* SBJsonStreamParserAccumulator.m */; };
		2AE9988D13A40EE800D892E3 /* SBJsonStreamParserAdapter.m in Sources */ = {isa = PBXBuildFile; fileRef = 2AE9987813A40EE800D892E3 /* SBJsonStreamParserAdapter.m */; };
		2AE9988E13A40EE800D892E3 /* SBJsonStreamParserState.m in Sources */ = {isa = PBXBuildFile; fileRef = 2AE9987A13A40EE800D892E3 /* SBJsonStreamParserState.m */; };
		2AE9988F13A40EE800D892E3 /* SBJsonStreamWriter.m in Sources */ = {isa = PBXBuildFile; fileRef = 2AE9987C13A40EE800D892E3 /* SBJsonStreamWriter.m */; };
		2AE9989013A40EE800D892E3 /* SBJsonStreamWriterAccumulator.m in Sources */ = {isa = PBXBuildFile; fileRef = 2AE9987E13A40EE800D892E3 /* SBJsonStreamWriterAccumulator.m */; };
		2AE9989113A40EE800D892E3 /* SBJsonStreamWriterState.m in Sources */ = {isa = PBXBuildFile; fileRef = 2AE9988013A40EE800D892E3 /* SBJsonStreamWriterState.m */; };
		2AE9989213A40EE800D892E3 /* SBJsonTokeniser.m in Sources */ = {isa = PBXBuildFile; fileRef = 2AE9988213A40EE800D892E3 /* SBJsonTokeniser.m */; };
		2AE9989313A40EE800D892E3 /* SBJsonWriter.m in Sources */ = {isa = PBXBuildFile; fileRef = 2AE9988413A40EE800D892E3 /* SBJsonWriter.m */; };
		2AE9989413A40EE800D892E3 /* SBStateStack.m in Sources */ = {isa = PBXBuildFile; fileRef = 2AE9988613A40EE800D892E3 /* SBStateStack.m */; };
		2AE9989513A40EE800D892E3 /* SBUTF8Stream.m in Sources */ = {isa = PBXBuildFile; fileRef = 2AE9988813A40EE800D892E3 /* SBUTF8Stream.m */; };
/* End PBXBuildFile section */

/* Begin PBXFileReference section */
		1D30AB110D05D00D00671497 /* Foundation.framework */ = {isa = PBXFileReference; lastKnownFileType = wrapper.framework; name = Foundation.framework; path = System/Library/Frameworks/Foundation.framework; sourceTree = SDKROOT; };
		1D3623240D0F684500981E51 /* Route_50_iPadAppDelegate.h */ = {isa = PBXFileReference; fileEncoding = 4; lastKnownFileType = sourcecode.c.h; path = Route_50_iPadAppDelegate.h; sourceTree = "<group>"; };
		1D3623250D0F684500981E51 /* Route_50_iPadAppDelegate.m */ = {isa = PBXFileReference; fileEncoding = 4; lastKnownFileType = sourcecode.c.objc; path = Route_50_iPadAppDelegate.m; sourceTree = "<group>"; };
		1D6058910D05DD3D006BFB54 /* Route 50 iPad.app */ = {isa = PBXFileReference; explicitFileType = wrapper.application; includeInIndex = 0; path = "Route 50 iPad.app"; sourceTree = BUILT_PRODUCTS_DIR; };
		1DF5F4DF0D08C38300B7A737 /* UIKit.framework */ = {isa = PBXFileReference; lastKnownFileType = wrapper.framework; name = UIKit.framework; path = System/Library/Frameworks/UIKit.framework; sourceTree = SDKROOT; };
		288765FC0DF74451002DB57D /* CoreGraphics.framework */ = {isa = PBXFileReference; lastKnownFileType = wrapper.framework; name = CoreGraphics.framework; path = System/Library/Frameworks/CoreGraphics.framework; sourceTree = SDKROOT; };
		28AD733E0D9D9553002E5188 /* MainWindow.xib */ = {isa = PBXFileReference; lastKnownFileType = file.xib; path = MainWindow.xib; sourceTree = "<group>"; };
		29B97316FDCFA39411CA2CEA /* main.m */ = {isa = PBXFileReference; fileEncoding = 4; lastKnownFileType = sourcecode.c.objc; path = main.m; sourceTree = "<group>"; };
		2AA0E0A513B144DF004222E5 /* AudioToolbox.framework */ = {isa = PBXFileReference; lastKnownFileType = wrapper.framework; name = AudioToolbox.framework; path = System/Library/Frameworks/AudioToolbox.framework; sourceTree = SDKROOT; };
		2AA0E0AC13B1458F004222E5 /* notify.mp3 */ = {isa = PBXFileReference; lastKnownFileType = audio.mp3; path = notify.mp3; sourceTree = "<group>"; };
		2AE9983A13A40A0200D892E3 /* UserbarViewController.h */ = {isa = PBXFileReference; fileEncoding = 4; lastKnownFileType = sourcecode.c.h; path = UserbarViewController.h; sourceTree = "<group>"; };
		2AE9983B13A40A0200D892E3 /* UserbarViewController.m */ = {isa = PBXFileReference; fileEncoding = 4; lastKnownFileType = sourcecode.c.objc; path = UserbarViewController.m; sourceTree = "<group>"; };
		2AE9983D13A40A3D00D892E3 /* ChatViewController.h */ = {isa = PBXFileReference; fileEncoding = 4; lastKnownFileType = sourcecode.c.h; path = ChatViewController.h; sourceTree = "<group>"; };
		2AE9983E13A40A3D00D892E3 /* ChatViewController.m */ = {isa = PBXFileReference; fileEncoding = 4; lastKnownFileType = sourcecode.c.objc; path = ChatViewController.m; sourceTree = "<group>"; };
		2AE9984213A40B1E00D892E3 /* SplitController.h */ = {isa = PBXFileReference; fileEncoding = 4; lastKnownFileType = sourcecode.c.h; path = SplitController.h; sourceTree = "<group>"; };
		2AE9984313A40B1E00D892E3 /* SplitController.m */ = {isa = PBXFileReference; fileEncoding = 4; lastKnownFileType = sourcecode.c.objc; path = SplitController.m; sourceTree = "<group>"; };
		2AE9985913A40D9C00D892E3 /* Settings.bundle */ = {isa = PBXFileReference; lastKnownFileType = "wrapper.plug-in"; path = Settings.bundle; sourceTree = "<group>"; };
		2AE9986413A40DF100D892E3 /* icon.png */ = {isa = PBXFileReference; lastKnownFileType = image.png; path = icon.png; sourceTree = "<group>"; };
		2AE9986D13A40EE800D892E3 /* JSON.h */ = {isa = PBXFileReference; fileEncoding = 4; lastKnownFileType = sourcecode.c.h; path = JSON.h; sourceTree = "<group>"; };
		2AE9986E13A40EE800D892E3 /* NSObject+JSON.h */ = {isa = PBXFileReference; fileEncoding = 4; lastKnownFileType = sourcecode.c.h; path = "NSObject+JSON.h"; sourceTree = "<group>"; };
		2AE9986F13A40EE800D892E3 /* NSObject+JSON.m */ = {isa = PBXFileReference; fileEncoding = 4; lastKnownFileType = sourcecode.c.objc; path = "NSObject+JSON.m"; sourceTree = "<group>"; };
		2AE9987013A40EE800D892E3 /* SBJsonIncludes.h */ = {isa = PBXFileReference; fileEncoding = 4; lastKnownFileType = sourcecode.c.h; path = SBJsonIncludes.h; sourceTree = "<group>"; };
		2AE9987113A40EE800D892E3 /* SBJsonParser.h */ = {isa = PBXFileReference; fileEncoding = 4; lastKnownFileType = sourcecode.c.h; path = SBJsonParser.h; sourceTree = "<group>"; };
		2AE9987213A40EE800D892E3 /* SBJsonParser.m */ = {isa = PBXFileReference; fileEncoding = 4; lastKnownFileType = sourcecode.c.objc; path = SBJsonParser.m; sourceTree = "<group>"; };
		2AE9987313A40EE800D892E3 /* SBJsonStreamParser.h */ = {isa = PBXFileReference; fileEncoding = 4; lastKnownFileType = sourcecode.c.h; path = SBJsonStreamParser.h; sourceTree = "<group>"; };
		2AE9987413A40EE800D892E3 /* SBJsonStreamParser.m */ = {isa = PBXFileReference; fileEncoding = 4; lastKnownFileType = sourcecode.c.objc; path = SBJsonStreamParser.m; sourceTree = "<group>"; };
		2AE9987513A40EE800D892E3 /* SBJsonStreamParserAccumulator.h */ = {isa = PBXFileReference; fileEncoding = 4; lastKnownFileType = sourcecode.c.h; path = SBJsonStreamParserAccumulator.h; sourceTree = "<group>"; };
		2AE9987613A40EE800D892E3 /* SBJsonStreamParserAccumulator.m */ = {isa = PBXFileReference; fileEncoding = 4; lastKnownFileType = sourcecode.c.objc; path = SBJsonStreamParserAccumulator.m; sourceTree = "<group>"; };
		2AE9987713A40EE800D892E3 /* SBJsonStreamParserAdapter.h */ = {isa = PBXFileReference; fileEncoding = 4; lastKnownFileType = sourcecode.c.h; path = SBJsonStreamParserAdapter.h; sourceTree = "<group>"; };
		2AE9987813A40EE800D892E3 /* SBJsonStreamParserAdapter.m */ = {isa = PBXFileReference; fileEncoding = 4; lastKnownFileType = sourcecode.c.objc; path = SBJsonStreamParserAdapter.m; sourceTree = "<group>"; };
		2AE9987913A40EE800D892E3 /* SBJsonStreamParserState.h */ = {isa = PBXFileReference; fileEncoding = 4; lastKnownFileType = sourcecode.c.h; path = SBJsonStreamParserState.h; sourceTree = "<group>"; };
		2AE9987A13A40EE800D892E3 /* SBJsonStreamParserState.m */ = {isa = PBXFileReference; fileEncoding = 4; lastKnownFileType = sourcecode.c.objc; path = SBJsonStreamParserState.m; sourceTree = "<group>"; };
		2AE9987B13A40EE800D892E3 /* SBJsonStreamWriter.h */ = {isa = PBXFileReference; fileEncoding = 4; lastKnownFileType = sourcecode.c.h; path = SBJsonStreamWriter.h; sourceTree = "<group>"; };
		2AE9987C13A40EE800D892E3 /* SBJsonStreamWriter.m */ = {isa = PBXFileReference; fileEncoding = 4; lastKnownFileType = sourcecode.c.objc; path = SBJsonStreamWriter.m; sourceTree = "<group>"; };
		2AE9987D13A40EE800D892E3 /* SBJsonStreamWriterAccumulator.h */ = {isa = PBXFileReference; fileEncoding = 4; lastKnownFileType = sourcecode.c.h; path = SBJsonStreamWriterAccumulator.h; sourceTree = "<group>"; };
		2AE9987E13A40EE800D892E3 /* SBJsonStreamWriterAccumulator.m */ = {isa = PBXFileReference; fileEncoding = 4; lastKnownFileType = sourcecode.c.objc; path = SBJsonStreamWriterAccumulator.m; sourceTree = "<group>"; };
		2AE9987F13A40EE800D892E3 /* SBJsonStreamWriterState.h */ = {isa = PBXFileReference; fileEncoding = 4; lastKnownFileType = sourcecode.c.h; path = SBJsonStreamWriterState.h; sourceTree = "<group>"; };
		2AE9988013A40EE800D892E3 /* SBJsonStreamWriterState.m */ = {isa = PBXFileReference; fileEncoding = 4; lastKnownFileType = sourcecode.c.objc; path = SBJsonStreamWriterState.m; sourceTree = "<group>"; };
		2AE9988113A40EE800D892E3 /* SBJsonTokeniser.h */ = {isa = PBXFileReference; fileEncoding = 4; lastKnownFileType = sourcecode.c.h; path = SBJsonTokeniser.h; sourceTree = "<group>"; };
		2AE9988213A40EE800D892E3 /* SBJsonTokeniser.m */ = {isa = PBXFileReference; fileEncoding = 4; lastKnownFileType = sourcecode.c.objc; path = SBJsonTokeniser.m; sourceTree = "<group>"; };
		2AE9988313A40EE800D892E3 /* SBJsonWriter.h */ = {isa = PBXFileReference; fileEncoding = 4; lastKnownFileType = sourcecode.c.h; path = SBJsonWriter.h; sourceTree = "<group>"; };
		2AE9988413A40EE800D892E3 /* SBJsonWriter.m */ = {isa = PBXFileReference; fileEncoding = 4; lastKnownFileType = sourcecode.c.objc; path = SBJsonWriter.m; sourceTree = "<group>"; };
		2AE9988513A40EE800D892E3 /* SBStateStack.h */ = {isa = PBXFileReference; fileEncoding = 4; lastKnownFileType = sourcecode.c.h; path = SBStateStack.h; sourceTree = "<group>"; };
		2AE9988613A40EE800D892E3 /* SBStateStack.m */ = {isa = PBXFileReference; fileEncoding = 4; lastKnownFileType = sourcecode.c.objc; path = SBStateStack.m; sourceTree = "<group>"; };
		2AE9988713A40EE800D892E3 /* SBUTF8Stream.h */ = {isa = PBXFileReference; fileEncoding = 4; lastKnownFileType = sourcecode.c.h; path = SBUTF8Stream.h; sourceTree = "<group>"; };
		2AE9988813A40EE800D892E3 /* SBUTF8Stream.m */ = {isa = PBXFileReference; fileEncoding = 4; lastKnownFileType = sourcecode.c.objc; path = SBUTF8Stream.m; sourceTree = "<group>"; };
		32CA4F630368D1EE00C91783 /* Route_50_iPad_Prefix.pch */ = {isa = PBXFileReference; fileEncoding = 4; lastKnownFileType = sourcecode.c.h; path = Route_50_iPad_Prefix.pch; sourceTree = "<group>"; };
		8D1107310486CEB800E47090 /* Route_50_iPad-Info.plist */ = {isa = PBXFileReference; fileEncoding = 4; lastKnownFileType = text.plist.xml; path = "Route_50_iPad-Info.plist"; plistStructureDefinitionIdentifier = "com.apple.xcode.plist.structure-definition.iphone.info-plist"; sourceTree = "<group>"; };
/* End PBXFileReference section */

/* Begin PBXFrameworksBuildPhase section */
		1D60588F0D05DD3D006BFB54 /* Frameworks */ = {
			isa = PBXFrameworksBuildPhase;
			buildActionMask = 2147483647;
			files = (
				1D60589F0D05DD5A006BFB54 /* Foundation.framework in Frameworks */,
				1DF5F4E00D08C38300B7A737 /* UIKit.framework in Frameworks */,
				288765FD0DF74451002DB57D /* CoreGraphics.framework in Frameworks */,
				2AA0E0A613B144DF004222E5 /* AudioToolbox.framework in Frameworks */,
			);
			runOnlyForDeploymentPostprocessing = 0;
		};
/* End PBXFrameworksBuildPhase section */

/* Begin PBXGroup section */
		080E96DDFE201D6D7F000001 /* Classes */ = {
			isa = PBXGroup;
			children = (
				2AE9986C13A40EE800D892E3 /* JSON */,
				1D3623240D0F684500981E51 /* Route_50_iPadAppDelegate.h */,
				1D3623250D0F684500981E51 /* Route_50_iPadAppDelegate.m */,
				2AE9983A13A40A0200D892E3 /* UserbarViewController.h */,
				2AE9983B13A40A0200D892E3 /* UserbarViewController.m */,
				2AE9983D13A40A3D00D892E3 /* ChatViewController.h */,
				2AE9983E13A40A3D00D892E3 /* ChatViewController.m */,
				2AE9984213A40B1E00D892E3 /* SplitController.h */,
				2AE9984313A40B1E00D892E3 /* SplitController.m */,
			);
			path = Classes;
			sourceTree = "<group>";
		};
		19C28FACFE9D520D11CA2CBB /* Products */ = {
			isa = PBXGroup;
			children = (
				1D6058910D05DD3D006BFB54 /* Route 50 iPad.app */,
			);
			name = Products;
			sourceTree = "<group>";
		};
		29B97314FDCFA39411CA2CEA /* CustomTemplate */ = {
			isa = PBXGroup;
			children = (
				080E96DDFE201D6D7F000001 /* Classes */,
				29B97315FDCFA39411CA2CEA /* Other Sources */,
				29B97317FDCFA39411CA2CEA /* Resources */,
				29B97323FDCFA39411CA2CEA /* Frameworks */,
				19C28FACFE9D520D11CA2CBB /* Products */,
			);
			name = CustomTemplate;
			sourceTree = "<group>";
		};
		29B97315FDCFA39411CA2CEA /* Other Sources */ = {
			isa = PBXGroup;
			children = (
				32CA4F630368D1EE00C91783 /* Route_50_iPad_Prefix.pch */,
				29B97316FDCFA39411CA2CEA /* main.m */,
			);
			name = "Other Sources";
			sourceTree = "<group>";
		};
		29B97317FDCFA39411CA2CEA /* Resources */ = {
			isa = PBXGroup;
			children = (
				2AA0E0AC13B1458F004222E5 /* notify.mp3 */,
				2AE9986413A40DF100D892E3 /* icon.png */,
				2AE9985913A40D9C00D892E3 /* Settings.bundle */,
				28AD733E0D9D9553002E5188 /* MainWindow.xib */,
				8D1107310486CEB800E47090 /* Route_50_iPad-Info.plist */,
			);
			name = Resources;
			sourceTree = "<group>";
		};
		29B97323FDCFA39411CA2CEA /* Frameworks */ = {
			isa = PBXGroup;
			children = (
				1DF5F4DF0D08C38300B7A737 /* UIKit.framework */,
				1D30AB110D05D00D00671497 /* Foundation.framework */,
				288765FC0DF74451002DB57D /* CoreGraphics.framework */,
				2AA0E0A513B144DF004222E5 /* AudioToolbox.framework */,
			);
			name = Frameworks;
			sourceTree = "<group>";
		};
		2AE9986C13A40EE800D892E3 /* JSON */ = {
			isa = PBXGroup;
			children = (
				2AE9986D13A40EE800D892E3 /* JSON.h */,
				2AE9986E13A40EE800D892E3 /* NSObject+JSON.h */,
				2AE9986F13A40EE800D892E3 /* NSObject+JSON.m */,
				2AE9987013A40EE800D892E3 /* SBJsonIncludes.h */,
				2AE9987113A40EE800D892E3 /* SBJsonParser.h */,
				2AE9987213A40EE800D892E3 /* SBJsonParser.m */,
				2AE9987313A40EE800D892E3 /* SBJsonStreamParser.h */,
				2AE9987413A40EE800D892E3 /* SBJsonStreamParser.m */,
				2AE9987513A40EE800D892E3 /* SBJsonStreamParserAccumulator.h */,
				2AE9987613A40EE800D892E3 /* SBJsonStreamParserAccumulator.m */,
				2AE9987713A40EE800D892E3 /* SBJsonStreamParserAdapter.h */,
				2AE9987813A40EE800D892E3 /* SBJsonStreamParserAdapter.m */,
				2AE9987913A40EE800D892E3 /* SBJsonStreamParserState.h */,
				2AE9987A13A40EE800D892E3 /* SBJsonStreamParserState.m */,
				2AE9987B13A40EE800D892E3 /* SBJsonStreamWriter.h */,
				2AE9987C13A40EE800D892E3 /* SBJsonStreamWriter.m */,
				2AE9987D13A40EE800D892E3 /* SBJsonStreamWriterAccumulator.h */,
				2AE9987E13A40EE800D892E3 /* SBJsonStreamWriterAccumulator.m */,
				2AE9987F13A40EE800D892E3 /* SBJsonStreamWriterState.h */,
				2AE9988013A40EE800D892E3 /* SBJsonStreamWriterState.m */,
				2AE9988113A40EE800D892E3 /* SBJsonTokeniser.h */,
				2AE9988213A40EE800D892E3 /* SBJsonTokeniser.m */,
				2AE9988313A40EE800D892E3 /* SBJsonWriter.h */,
				2AE9988413A40EE800D892E3 /* SBJsonWriter.m */,
				2AE9988513A40EE800D892E3 /* SBStateStack.h */,
				2AE9988613A40EE800D892E3 /* SBStateStack.m */,
				2AE9988713A40EE800D892E3 /* SBUTF8Stream.h */,
				2AE9988813A40EE800D892E3 /* SBUTF8Stream.m */,
			);
			name = JSON;
			sourceTree = "<group>";
		};
/* End PBXGroup section */

/* Begin PBXNativeTarget section */
		1D6058900D05DD3D006BFB54 /* Route 50 iPad */ = {
			isa = PBXNativeTarget;
			buildConfigurationList = 1D6058960D05DD3E006BFB54 /* Build configuration list for PBXNativeTarget "Route 50 iPad" */;
			buildPhases = (
				1D60588D0D05DD3D006BFB54 /* Resources */,
				1D60588E0D05DD3D006BFB54 /* Sources */,
				1D60588F0D05DD3D006BFB54 /* Frameworks */,
			);
			buildRules = (
			);
			dependencies = (
			);
			name = "Route 50 iPad";
			productName = "Route 50 iPad";
			productReference = 1D6058910D05DD3D006BFB54 /* Route 50 iPad.app */;
			productType = "com.apple.product-type.application";
		};
/* End PBXNativeTarget section */

/* Begin PBXProject section */
		29B97313FDCFA39411CA2CEA /* Project object */ = {
			isa = PBXProject;
			buildConfigurationList = C01FCF4E08A954540054247B /* Build configuration list for PBXProject "Route 50 iPad" */;
			compatibilityVersion = "Xcode 3.2";
			developmentRegion = English;
			hasScannedForEncodings = 1;
			knownRegions = (
				English,
				Japanese,
				French,
				German,
			);
			mainGroup = 29B97314FDCFA39411CA2CEA /* CustomTemplate */;
			projectDirPath = "";
			projectRoot = "";
			targets = (
				1D6058900D05DD3D006BFB54 /* Route 50 iPad */,
			);
		};
/* End PBXProject section */

/* Begin PBXResourcesBuildPhase section */
		1D60588D0D05DD3D006BFB54 /* Resources */ = {
			isa = PBXResourcesBuildPhase;
			buildActionMask = 2147483647;
			files = (
				28AD733F0D9D9553002E5188 /* MainWindow.xib in Resources */,
				2AE9985A13A40D9C00D892E3 /* Settings.bundle in Resources */,
				2AE9986513A40DF100D892E3 /* icon.png in Resources */,
				2AA0E0AD13B1458F004222E5 /* notify.mp3 in Resources */,
			);
			runOnlyForDeploymentPostprocessing = 0;
		};
/* End PBXResourcesBuildPhase section */

/* Begin PBXSourcesBuildPhase section */
		1D60588E0D05DD3D006BFB54 /* Sources */ = {
			isa = PBXSourcesBuildPhase;
			buildActionMask = 2147483647;
			files = (
				1D60589B0D05DD56006BFB54 /* main.m in Sources */,
				1D3623260D0F684500981E51 /* Route_50_iPadAppDelegate.m in Sources */,
				2AE9983C13A40A0200D892E3 /* UserbarViewController.m in Sources */,
				2AE9983F13A40A3D00D892E3 /* ChatViewController.m in Sources */,
				2AE9984413A40B1E00D892E3 /* SplitController.m in Sources */,
				2AE9988913A40EE800D892E3 /* NSObject+JSON.m in Sources */,
				2AE9988A13A40EE800D892E3 /* SBJsonParser.m in Sources */,
				2AE9988B13A40EE800D892E3 /* SBJsonStreamParser.m in Sources */,
				2AE9988C13A40EE800D892E3 /* SBJsonStreamParserAccumulator.m in Sources */,
				2AE9988D13A40EE800D892E3 /* SBJsonStreamParserAdapter.m in Sources */,
				2AE9988E13A40EE800D892E3 /* SBJsonStreamParserState.m in Sources */,
				2AE9988F13A40EE800D892E3 /* SBJsonStreamWriter.m in Sources */,
				2AE9989013A40EE800D892E3 /* SBJsonStreamWriterAccumulator.m in Sources */,
				2AE9989113A40EE800D892E3 /* SBJsonStreamWriterState.m in Sources */,
				2AE9989213A40EE800D892E3 /* SBJsonTokeniser.m in Sources */,
				2AE9989313A40EE800D892E3 /* SBJsonWriter.m in Sources */,
				2AE9989413A40EE800D892E3 /* SBStateStack.m in Sources */,
				2AE9989513A40EE800D892E3 /* SBUTF8Stream.m in Sources */,
			);
			runOnlyForDeploymentPostprocessing = 0;
		};
/* End PBXSourcesBuildPhase section */

/* Begin XCBuildConfiguration section */
		1D6058940D05DD3E006BFB54 /* Debug */ = {
			isa = XCBuildConfiguration;
			buildSettings = {
				ALWAYS_SEARCH_USER_PATHS = NO;
				COPY_PHASE_STRIP = NO;
				GCC_DYNAMIC_NO_PIC = NO;
				GCC_OPTIMIZATION_LEVEL = 0;
				GCC_PRECOMPILE_PREFIX_HEADER = YES;
				GCC_PREFIX_HEADER = Route_50_iPad_Prefix.pch;
				INFOPLIST_FILE = "Route_50_iPad-Info.plist";
				PRODUCT_NAME = "Route 50 iPad";
			};
			name = Debug;
		};
		1D6058950D05DD3E006BFB54 /* Release */ = {
			isa = XCBuildConfiguration;
			buildSettings = {
				ALWAYS_SEARCH_USER_PATHS = NO;
				COPY_PHASE_STRIP = YES;
				GCC_PRECOMPILE_PREFIX_HEADER = YES;
				GCC_PREFIX_HEADER = Route_50_iPad_Prefix.pch;
				INFOPLIST_FILE = "Route_50_iPad-Info.plist";
				PRODUCT_NAME = "Route 50 iPad";
				VALIDATE_PRODUCT = YES;
			};
			name = Release;
		};
		C01FCF4F08A954540054247B /* Debug */ = {
			isa = XCBuildConfiguration;
			buildSettings = {
				ARCHS = "$(ARCHS_UNIVERSAL_IPHONE_OS)";
				"CODE_SIGN_IDENTITY[sdk=iphoneos*]" = "iPhone Developer";
				GCC_C_LANGUAGE_STANDARD = c99;
				GCC_WARN_ABOUT_RETURN_TYPE = YES;
				GCC_WARN_UNUSED_VARIABLE = YES;
				PREBINDING = NO;
				SDKROOT = iphoneos;
				TARGETED_DEVICE_FAMILY = 2;
			};
			name = Debug;
		};
		C01FCF5008A954540054247B /* Release */ = {
			isa = XCBuildConfiguration;
			buildSettings = {
				ARCHS = "$(ARCHS_UNIVERSAL_IPHONE_OS)";
				"CODE_SIGN_IDENTITY[sdk=iphoneos*]" = "iPhone Developer";
				GCC_C_LANGUAGE_STANDARD = c99;
				GCC_WARN_ABOUT_RETURN_TYPE = YES;
				GCC_WARN_UNUSED_VARIABLE = YES;
				OTHER_CFLAGS = "-DNS_BLOCK_ASSERTIONS=1";
				PREBINDING = NO;
				SDKROOT = iphoneos;
				TARGETED_DEVICE_FAMILY = 2;
			};
			name = Release;
		};
/* End XCBuildConfiguration section */

/* Begin XCConfigurationList section */
		1D6058960D05DD3E006BFB54 /* Build configuration list for PBXNativeTarget "Route 50 iPad" */ = {
			isa = XCConfigurationList;
			buildConfigurations = (
				1D6058940D05DD3E006BFB54 /* Debug */,
				1D6058950D05DD3E006BFB54 /* Release */,
			);
			defaultConfigurationIsVisible = 0;
			defaultConfigurationName = Release;
		};
		C01FCF4E08A954540054247B /* Build configuration list for PBXProject "Route 50 iPad" */ = {
			isa = XCConfigurationList;
			buildConfigurations = (
				C01FCF4F08A954540054247B /* Debug */,
				C01FCF5008A954540054247B /* Release */,
			);
			defaultConfigurationIsVisible = 0;
			defaultConfigurationName = Release;
		};
/* End XCConfigurationList section */
	};
	rootObject = 29B97313FDCFA39411CA2CEA /* Project object */;
}
